{
  "originHash" : "ba2b0f83ffe5b9bd1203e3415cda4d745e83ea8022f39a1131ed870648f17ff9",
  "pins" : [
    {
      "identity" : "lottie-ios",
      "kind" : "remoteSourceControl",
      "location" : "https://github.com/airbnb/lottie-ios.git",
      "state" : {
        "revision" : "a004050748dc197c56256a14dca49a035d74726c",
        "version" : "4.5.2"
      }
    },
    {
      "identity" : "piechart",
      "kind" : "remoteSourceControl",
      "location" : "https://github.com/A8stern/PieChart",
      "state" : {
        "branch" : "main",
        "revision" : "6cd25738b1ddbf7ad88e3c11af1fefb1b158e63a"
      }
    },
    {
      "identity" : "yandexsplash",
      "kind" : "remoteSourceControl",
      "location" : "https://github.com/A8stern/YandexSplash",
      "state" : {
        "branch" : "main",
        "revision" : "3823bfb21a65aa0ad26d58c550e8af57c6134aa3"
      }
    }
  ],
  "version" : 3
}
